<?xml version="1.0" encoding="utf-8"?>
<Project ToolsVersion="4.0" xmlns="http://schemas.microsoft.com/developer/msbuild/2003">
  <ItemGroup>
    <Filter Include="Quelldateien">
      <UniqueIdentifier>{4FC737F1-C7A5-4376-A066-2A32D752A2FF}</UniqueIdentifier>
      <Extensions>cpp;c;cc;cxx;c++;cppm;ixx;def;odl;idl;hpj;bat;asm;asmx</Extensions>
    </Filter>
    <Filter Include="Headerdateien">
      <UniqueIdentifier>{93995380-89BD-4b04-88EB-625FBE52EBFB}</UniqueIdentifier>
      <Extensions>h;hh;hpp;hxx;h++;hm;inl;inc;ipp;xsd</Extensions>
    </Filter>
    <Filter Include="Ressourcendateien">
      <UniqueIdentifier>{67DA6AB6-F800-4c08-8B7A-83BB121AAD01}</UniqueIdentifier>
      <Extensions>rc;ico;cur;bmp;dlg;rc2;rct;bin;rgs;gif;jpg;jpeg;jpe;resx;tiff;tif;png;wav;mfcribbon-ms</Extensions>
    </Filter>
  </ItemGroup>
  <ItemGroup>
    <ClCompile Include="src\main.cpp">
      <Filter>Quelldateien</Filter>
    </ClCompile>
    <ClCompile Include="src\Network.cpp">
      <Filter>Quelldateien</Filter>
    </ClCompile>
    <ClCompile Include="src\Client.cpp">
      <Filter>Quelldateien</Filter>
    </ClCompile>
    <ClCompile Include="src\ActionHandler.cpp">
      <Filter>Quelldateien</Filter>
    </ClCompile>
    <ClCompile Include="src\TrimHelper.cpp">
      <Filter>Quelldateien</Filter>
    </ClCompile>
    <ClCompile Include="src\math\SimpleUUID.cpp">
      <Filter>Quelldateien</Filter>
    </ClCompile>
    <ClCompile Include="src\EventListener.cpp">
      <Filter>Quelldateien</Filter>
    </ClCompile>
    <ClCompile Include="src\Game\GameHandler.cpp">
      <Filter>Quelldateien</Filter>
    </ClCompile>
    <ClCompile Include="src\Loader\Lobby.cpp">
      <Filter>Quelldateien</Filter>
    </ClCompile>
    <ClCompile Include="src\ThreadWrapper.cpp">
      <Filter>Quelldateien</Filter>
    </ClCompile>
    <ClCompile Include="src\File\FileBuffer.cpp">
      <Filter>Quelldateien</Filter>
    </ClCompile>
    <ClCompile Include="src\File\FileHandler.cpp">
      <Filter>Quelldateien</Filter>
    </ClCompile>
    <ClCompile Include="src\json\jsonParser.cpp">
      <Filter>Quelldateien</Filter>
    </ClCompile>
    <ClCompile Include="src\json\tiny-json.c">
      <Filter>Quelldateien</Filter>
    </ClCompile>
    <ClCompile Include="src\Server.cpp">
      <Filter>Quelldateien</Filter>
    </ClCompile>
  </ItemGroup>
  <ItemGroup>
    <ClInclude Include="src\Network.h">
      <Filter>Headerdateien</Filter>
    </ClInclude>
    <ClInclude Include="src\Client.h">
      <Filter>Headerdateien</Filter>
    </ClInclude>
    <ClInclude Include="src\ActionHandler.h">
      <Filter>Headerdateien</Filter>
    </ClInclude>
    <ClInclude Include="src\TrimHelper.h">
      <Filter>Headerdateien</Filter>
    </ClInclude>
    <ClInclude Include="src\math\SimpleUUID.h">
      <Filter>Headerdateien</Filter>
    </ClInclude>
    <ClInclude Include="src\math\getopt.h">
      <Filter>Headerdateien</Filter>
    </ClInclude>
    <ClInclude Include="src\EventListener.h">
      <Filter>Headerdateien</Filter>
    </ClInclude>
    <ClInclude Include="src\math\myTypes.h">
      <Filter>Headerdateien</Filter>
    </ClInclude>
    <ClInclude Include="src\Game\GameHandler.h">
      <Filter>Headerdateien</Filter>
    </ClInclude>
    <ClInclude Include="src\Loader\Lobby.h">
      <Filter>Headerdateien</Filter>
    </ClInclude>
    <ClInclude Include="src\ThreadWrapper.h">
      <Filter>Headerdateien</Filter>
    </ClInclude>
    <ClInclude Include="src\File\FileBuffer.h">
      <Filter>Headerdateien</Filter>
    </ClInclude>
    <ClInclude Include="src\File\FileHandler.h">
      <Filter>Headerdateien</Filter>
    </ClInclude>
    <ClInclude Include="src\json\json.hpp">
      <Filter>Headerdateien</Filter>
    </ClInclude>
    <ClInclude Include="src\json\jsonParser.h">
      <Filter>Headerdateien</Filter>
    </ClInclude>
    <ClInclude Include="src\json\tiny-json.h">
      <Filter>Headerdateien</Filter>
    </ClInclude>
    <ClInclude Include="src\Server.h">
      <Filter>Headerdateien</Filter>
    </ClInclude>
  </ItemGroup>
</Project>